
Microsoft Visual Studio Solution File, Format Version 12.00
# Visual Studio Version 17
VisualStudioVersion = 17.5.33103.201
MinimumVisualStudioVersion = 10.0.40219.1
Project("{9A19103F-16F7-4668-BE54-9A1E7A4F7556}") = "Sample", "src\Sample\Sample.csproj", "{958CED6A-FC09-4045-9E9C-D3D12F872578}"
EndProject
Project("{9A19103F-16F7-4668-BE54-9A1E7A4F7556}") = "EsiNet.AspNetCore", "src\EsiNet.AspNetCore\EsiNet.AspNetCore.csproj", "{A5B6DE9D-76A4-49A5-91F6-E52C1918CFC5}"
EndProject
Project("{9A19103F-16F7-4668-BE54-9A1E7A4F7556}") = "EsiNet", "src\EsiNet\EsiNet.csproj", "{18CF43B3-0FC4-4452-B9CA-214FE9A73900}"
EndProject
Project("{9A19103F-16F7-4668-BE54-9A1E7A4F7556}") = "Tests", "src\Tests\Tests.csproj", "{4441B9C5-7DE2-4BEE-A798-A6F48EC861B0}"
EndProject
Project("{9A19103F-16F7-4668-BE54-9A1E7A4F7556}") = "EsiNet.Polly", "src\EsiNet.Polly\EsiNet.Polly.csproj", "{D5964078-41A6-4CE9-AA53-578C7F62FC32}"
EndProject
Project("{2150E333-8FDC-42A3-9474-1A3956D46DE8}") = "Samples", "Samples", "{61CF4EB0-4D9B-41B4-A76A-D526476AE4E5}"
EndProject
Project("{9A19103F-16F7-4668-BE54-9A1E7A4F7556}") = "Sample.Gateway.Target", "samples\Sample.Gateway.Target\Sample.Gateway.Target.csproj", "{5C99FC61-08E4-4EFE-8024-59D90C49320C}"
EndProject
Project("{6EC3EE1D-3C4E-46DD-8F32-0CC8E7565705}") = "Sample.Giraffe", "samples\Sample.Giraffe\Sample.Giraffe.fsproj", "{20BB9E3C-835B-41F3-BDC3-B458112B04F8}"
EndProject
Project("{2150E333-8FDC-42A3-9474-1A3956D46DE8}") = "Test", "Test", "{04DF0E25-06F9-4CDD-B144-CA169903C4F1}"
EndProject
Project("{9A19103F-16F7-4668-BE54-9A1E7A4F7556}") = "Benchmarks", "src\Benchmarks\Benchmarks.csproj", "{333FCCCB-A7DB-47AB-B632-6D5E804FE32B}"
EndProject
Project("{FAE04EC0-301F-11D3-BF4B-00C04F79EFBC}") = "Sample.Gateway", "samples\Sample.Gateway\Sample.Gateway.csproj", "{9A6F1C3D-7B08-45FD-935C-4AB01166D3C8}"
EndProject
Global
	GlobalSection(SolutionConfigurationPlatforms) = preSolution
		Debug|Any CPU = Debug|Any CPU
		Release|Any CPU = Release|Any CPU
	EndGlobalSection
	GlobalSection(ProjectConfigurationPlatforms) = postSolution
		{958CED6A-FC09-4045-9E9C-D3D12F872578}.Debug|Any CPU.ActiveCfg = Debug|Any CPU
		{958CED6A-FC09-4045-9E9C-D3D12F872578}.Debug|Any CPU.Build.0 = Debug|Any CPU
		{958CED6A-FC09-4045-9E9C-D3D12F872578}.Release|Any CPU.ActiveCfg = Release|Any CPU
		{958CED6A-FC09-4045-9E9C-D3D12F872578}.Release|Any CPU.Build.0 = Release|Any CPU
		{A5B6DE9D-76A4-49A5-91F6-E52C1918CFC5}.Debug|Any CPU.ActiveCfg = Debug|Any CPU
		{A5B6DE9D-76A4-49A5-91F6-E52C1918CFC5}.Debug|Any CPU.Build.0 = Debug|Any CPU
		{A5B6DE9D-76A4-49A5-91F6-E52C1918CFC5}.Release|Any CPU.ActiveCfg = Release|Any CPU
		{A5B6DE9D-76A4-49A5-91F6-E52C1918CFC5}.Release|Any CPU.Build.0 = Release|Any CPU
		{18CF43B3-0FC4-4452-B9CA-214FE9A73900}.Debug|Any CPU.ActiveCfg = Debug|Any CPU
		{18CF43B3-0FC4-4452-B9CA-214FE9A73900}.Debug|Any CPU.Build.0 = Debug|Any CPU
		{18CF43B3-0FC4-4452-B9CA-214FE9A73900}.Release|Any CPU.ActiveCfg = Release|Any CPU
		{18CF43B3-0FC4-4452-B9CA-214FE9A73900}.Release|Any CPU.Build.0 = Release|Any CPU
		{4441B9C5-7DE2-4BEE-A798-A6F48EC861B0}.Debug|Any CPU.ActiveCfg = Debug|Any CPU
		{4441B9C5-7DE2-4BEE-A798-A6F48EC861B0}.Debug|Any CPU.Build.0 = Debug|Any CPU
		{4441B9C5-7DE2-4BEE-A798-A6F48EC861B0}.Release|Any CPU.ActiveCfg = Release|Any CPU
		{4441B9C5-7DE2-4BEE-A798-A6F48EC861B0}.Release|Any CPU.Build.0 = Release|Any CPU
		{D5964078-41A6-4CE9-AA53-578C7F62FC32}.Debug|Any CPU.ActiveCfg = Debug|Any CPU
		{D5964078-41A6-4CE9-AA53-578C7F62FC32}.Debug|Any CPU.Build.0 = Debug|Any CPU
		{D5964078-41A6-4CE9-AA53-578C7F62FC32}.Release|Any CPU.ActiveCfg = Release|Any CPU
		{D5964078-41A6-4CE9-AA53-578C7F62FC32}.Release|Any CPU.Build.0 = Release|Any CPU
		{5C99FC61-08E4-4EFE-8024-59D90C49320C}.Debug|Any CPU.ActiveCfg = Debug|Any CPU
		{5C99FC61-08E4-4EFE-8024-59D90C49320C}.Debug|Any CPU.Build.0 = Debug|Any CPU
		{5C99FC61-08E4-4EFE-8024-59D90C49320C}.Release|Any CPU.ActiveCfg = Release|Any CPU
		{5C99FC61-08E4-4EFE-8024-59D90C49320C}.Release|Any CPU.Build.0 = Release|Any CPU
		{20BB9E3C-835B-41F3-BDC3-B458112B04F8}.Debug|Any CPU.ActiveCfg = Debug|Any CPU
		{20BB9E3C-835B-41F3-BDC3-B458112B04F8}.Debug|Any CPU.Build.0 = Debug|Any CPU
		{20BB9E3C-835B-41F3-BDC3-B458112B04F8}.Release|Any CPU.ActiveCfg = Release|Any CPU
		{20BB9E3C-835B-41F3-BDC3-B458112B04F8}.Release|Any CPU.Build.0 = Release|Any CPU
		{333FCCCB-A7DB-47AB-B632-6D5E804FE32B}.Debug|Any CPU.ActiveCfg = Debug|Any CPU
		{333FCCCB-A7DB-47AB-B632-6D5E804FE32B}.Debug|Any CPU.Build.0 = Debug|Any CPU
		{333FCCCB-A7DB-47AB-B632-6D5E804FE32B}.Release|Any CPU.ActiveCfg = Release|Any CPU
		{333FCCCB-A7DB-47AB-B632-6D5E804FE32B}.Release|Any CPU.Build.0 = Release|Any CPU
		{9A6F1C3D-7B08-45FD-935C-4AB01166D3C8}.Debug|Any CPU.ActiveCfg = Debug|Any CPU
		{9A6F1C3D-7B08-45FD-935C-4AB01166D3C8}.Debug|Any CPU.Build.0 = Debug|Any CPU
		{9A6F1C3D-7B08-45FD-935C-4AB01166D3C8}.Release|Any CPU.ActiveCfg = Release|Any CPU
		{9A6F1C3D-7B08-45FD-935C-4AB01166D3C8}.Release|Any CPU.Build.0 = Release|Any CPU
	EndGlobalSection
	GlobalSection(SolutionProperties) = preSolution
		HideSolutionNode = FALSE
	EndGlobalSection
	GlobalSection(NestedProjects) = preSolution
		{958CED6A-FC09-4045-9E9C-D3D12F872578} = {61CF4EB0-4D9B-41B4-A76A-D526476AE4E5}
		{4441B9C5-7DE2-4BEE-A798-A6F48EC861B0} = {04DF0E25-06F9-4CDD-B144-CA169903C4F1}
		{5C99FC61-08E4-4EFE-8024-59D90C49320C} = {61CF4EB0-4D9B-41B4-A76A-D526476AE4E5}
		{20BB9E3C-835B-41F3-BDC3-B458112B04F8} = {61CF4EB0-4D9B-41B4-A76A-D526476AE4E5}
		{333FCCCB-A7DB-47AB-B632-6D5E804FE32B} = {04DF0E25-06F9-4CDD-B144-CA169903C4F1}
		{9A6F1C3D-7B08-45FD-935C-4AB01166D3C8} = {61CF4EB0-4D9B-41B4-A76A-D526476AE4E5}
	EndGlobalSection
	GlobalSection(ExtensibilityGlobals) = postSolution
		SolutionGuid = {066BA3CB-A03C-4F4C-ABB1-755FCA5DA981}
	EndGlobalSection
EndGlobal
